
Microsoft Visual Studio Solution File, Format Version 12.00
# Visual Studio Version 17
VisualStudioVersion = 17.8.34330.188
MinimumVisualStudioVersion = 10.0.40219.1
Project("{FAE04EC0-301F-11D3-BF4B-00C04F79EFBC}") = "TimerProject", "TimerProject\TimerProject.csproj", "{09B177EF-F118-413C-94DD-8CEFF9625844}"
EndProject
Global
	GlobalSection(SolutionConfigurationPlatforms) = preSolution
		Debug|Any CPU = Debug|Any CPU
		Release|Any CPU = Release|Any CPU
	EndGlobalSection
	GlobalSection(ProjectConfigurationPlatforms) = postSolution
		{09B177EF-F118-413C-94DD-8CEFF9625844}.Debug|Any CPU.ActiveCfg = Debug|Any CPU
		{09B177EF-F118-413C-94DD-8CEFF9625844}.Debug|Any CPU.Build.0 = Debug|Any CPU
		{09B177EF-F118-413C-94DD-8CEFF9625844}.Release|Any CPU.ActiveCfg = Release|Any CPU
		{09B177EF-F118-413C-94DD-8CEFF9625844}.Release|Any CPU.Build.0 = Release|Any CPU
	EndGlobalSection
	GlobalSection(SolutionProperties) = preSolution
		HideSolutionNode = FALSE
	EndGlobalSection
	GlobalSection(ExtensibilityGlobals) = postSolution
		SolutionGuid = {9865E242-A203-4552-9553-2E6995039049}
	EndGlobalSection
EndGlobal
